
Microsoft Visual Studio Solution File, Format Version 12.00
# Visual Studio Version 16
VisualStudioVersion = 16.0.30509.190
MinimumVisualStudioVersion = 10.0.40219.1
Project("{FAE04EC0-301F-11D3-BF4B-00C04F79EFBC}") = "HRData", "HRData\HRData.csproj", "{8C522604-222B-4F1F-95EB-0EF386E30E3B}"
EndProject
Project("{FAE04EC0-301F-11D3-BF4B-00C04F79EFBC}") = "HRWebApplication", "HRWebApplication\HRWebApplication.csproj", "{D26306E7-E7E0-40E4-BC87-BA29CE0EA2A0}"
EndProject
Global
	GlobalSection(SolutionConfigurationPlatforms) = preSolution
		Debug|Any CPU = Debug|Any CPU
		Release|Any CPU = Release|Any CPU
	EndGlobalSection
	GlobalSection(ProjectConfigurationPlatforms) = postSolution
		{8C522604-222B-4F1F-95EB-0EF386E30E3B}.Debug|Any CPU.ActiveCfg = Debug|Any CPU
		{8C522604-222B-4F1F-95EB-0EF386E30E3B}.Debug|Any CPU.Build.0 = Debug|Any CPU
		{8C522604-222B-4F1F-95EB-0EF386E30E3B}.Release|Any CPU.ActiveCfg = Release|Any CPU
		{8C522604-222B-4F1F-95EB-0EF386E30E3B}.Release|Any CPU.Build.0 = Release|Any CPU
		{D26306E7-E7E0-40E4-BC87-BA29CE0EA2A0}.Debug|Any CPU.ActiveCfg = Debug|Any CPU
		{D26306E7-E7E0-40E4-BC87-BA29CE0EA2A0}.Debug|Any CPU.Build.0 = Debug|Any CPU
		{D26306E7-E7E0-40E4-BC87-BA29CE0EA2A0}.Release|Any CPU.ActiveCfg = Release|Any CPU
		{D26306E7-E7E0-40E4-BC87-BA29CE0EA2A0}.Release|Any CPU.Build.0 = Release|Any CPU
	EndGlobalSection
	GlobalSection(SolutionProperties) = preSolution
		HideSolutionNode = FALSE
	EndGlobalSection
	GlobalSection(ExtensibilityGlobals) = postSolution
		SolutionGuid = {F27A6C03-8DE4-4E95-89AE-AAB14A9CB27D}
	EndGlobalSection
EndGlobal
